// !$*UTF8*$!
{
	archiveVersion = 1;
	classes = {
	};
	objectVersion = 50;
	objects = {

/* Begin PBXBuildFile section */
		447B59E3248C7D19003C822F /* AppDelegate.swift in Sources */ = {isa = PBXBuildFile; fileRef = 447B59E2248C7D19003C822F /* AppDelegate.swift */; };
		447B59E5248C7D19003C822F /* SceneDelegate.swift in Sources */ = {isa = PBXBuildFile; fileRef = 447B59E4248C7D19003C822F /* SceneDelegate.swift */; };
		447B59E7248C7D19003C822F /* ViewController.swift in Sources */ = {isa = PBXBuildFile; fileRef = 447B59E6248C7D19003C822F /* ViewController.swift */; };
		447B59EA248C7D19003C822F /* Main.storyboard in Resources */ = {isa = PBXBuildFile; fileRef = 447B59E8248C7D19003C822F /* Main.storyboard */; };
		447B59EC248C7D1B003C822F /* Assets.xcassets in Resources */ = {isa = PBXBuildFile; fileRef = 447B59EB248C7D1B003C822F /* Assets.xcassets */; };
		447B59EF248C7D1B003C822F /* LaunchScreen.storyboard in Resources */ = {isa = PBXBuildFile; fileRef = 447B59ED248C7D1B003C822F /* LaunchScreen.storyboard */; };
		447B59FA248C7D1B003C822F /* Flix_CodePath_2020Tests.swift in Sources */ = {isa = PBXBuildFile; fileRef = 447B59F9248C7D1B003C822F /* Flix_CodePath_2020Tests.swift */; };
		447B5A05248C7D1B003C822F /* Flix_CodePath_2020UITests.swift in Sources */ = {isa = PBXBuildFile; fileRef = 447B5A04248C7D1B003C822F /* Flix_CodePath_2020UITests.swift */; };
/* End PBXBuildFile section */

/* Begin PBXContainerItemProxy section */
		447B59F6248C7D1B003C822F /* PBXContainerItemProxy */ = {
			isa = PBXContainerItemProxy;
			containerPortal = 447B59D7248C7D19003C822F /* Project object */;
			proxyType = 1;
			remoteGlobalIDString = 447B59DE248C7D19003C822F;
			remoteInfo = "Flix-CodePath-2020";
		};
		447B5A01248C7D1B003C822F /* PBXContainerItemProxy */ = {
			isa = PBXContainerItemProxy;
			containerPortal = 447B59D7248C7D19003C822F /* Project object */;
			proxyType = 1;
			remoteGlobalIDString = 447B59DE248C7D19003C822F;
			remoteInfo = "Flix-CodePath-2020";
		};
/* End PBXContainerItemProxy section */

/* Begin PBXFileReference section */
		447B59DF248C7D19003C822F /* Flix-CodePath-2020.app */ = {isa = PBXFileReference; explicitFileType = wrapper.application; includeInIndex = 0; path = "Flix-CodePath-2020.app"; sourceTree = BUILT_PRODUCTS_DIR; };
		447B59E2248C7D19003C822F /* AppDelegate.swift */ = {isa = PBXFileReference; lastKnownFileType = sourcecode.swift; path = AppDelegate.swift; sourceTree = "<group>"; };
		447B59E4248C7D19003C822F /* SceneDelegate.swift */ = {isa = PBXFileReference; lastKnownFileType = sourcecode.swift; path = SceneDelegate.swift; sourceTree = "<group>"; };
		447B59E6248C7D19003C822F /* ViewController.swift */ = {isa = PBXFileReference; lastKnownFileType = sourcecode.swift; path = ViewController.swift; sourceTree = "<group>"; };
		447B59E9248C7D19003C822F /* Base */ = {isa = PBXFileReference; lastKnownFileType = file.storyboard; name = Base; path = Base.lproj/Main.storyboard; sourceTree = "<group>"; };
		447B59EB248C7D1B003C822F /* Assets.xcassets */ = {isa = PBXFileReference; lastKnownFileType = folder.assetcatalog; path = Assets.xcassets; sourceTree = "<group>"; };
		447B59EE248C7D1B003C822F /* Base */ = {isa = PBXFileReference; lastKnownFileType = file.storyboard; name = Base; path = Base.lproj/LaunchScreen.storyboard; sourceTree = "<group>"; };
		447B59F0248C7D1B003C822F /* Info.plist */ = {isa = PBXFileReference; lastKnownFileType = text.plist.xml; path = Info.plist; sourceTree = "<group>"; };
		447B59F5248C7D1B003C822F /* Flix-CodePath-2020Tests.xctest */ = {isa = PBXFileReference; explicitFileType = wrapper.cfbundle; includeInIndex = 0; path = "Flix-CodePath-2020Tests.xctest"; sourceTree = BUILT_PRODUCTS_DIR; };
		447B59F9248C7D1B003C822F /* Flix_CodePath_2020Tests.swift */ = {isa = PBXFileReference; lastKnownFileType = sourcecode.swift; path = Flix_CodePath_2020Tests.swift; sourceTree = "<group>"; };
		447B59FB248C7D1B003C822F /* Info.plist */ = {isa = PBXFileReference; lastKnownFileType = text.plist.xml; path = Info.plist; sourceTree = "<group>"; };
		447B5A00248C7D1B003C822F /* Flix-CodePath-2020UITests.xctest */ = {isa = PBXFileReference; explicitFileType = wrapper.cfbundle; includeInIndex = 0; path = "Flix-CodePath-2020UITests.xctest"; sourceTree = BUILT_PRODUCTS_DIR; };
		447B5A04248C7D1B003C822F /* Flix_CodePath_2020UITests.swift */ = {isa = PBXFileReference; lastKnownFileType = sourcecode.swift; path = Flix_CodePath_2020UITests.swift; sourceTree = "<group>"; };
		447B5A06248C7D1B003C822F /* Info.plist */ = {isa = PBXFileReference; lastKnownFileType = text.plist.xml; path = Info.plist; sourceTree = "<group>"; };
/* End PBXFileReference section */

/* Begin PBXFrameworksBuildPhase section */
		447B59DC248C7D19003C822F /* Frameworks */ = {
			isa = PBXFrameworksBuildPhase;
			buildActionMask = 2147483647;
			files = (
			);
			runOnlyForDeploymentPostprocessing = 0;
		};
		447B59F2248C7D1B003C822F /* Frameworks */ = {
			isa = PBXFrameworksBuildPhase;
			buildActionMask = 2147483647;
			files = (
			);
			runOnlyForDeploymentPostprocessing = 0;
		};
		447B59FD248C7D1B003C822F /* Frameworks */ = {
			isa = PBXFrameworksBuildPhase;
			buildActionMask = 2147483647;
			files = (
			);
			runOnlyForDeploymentPostprocessing = 0;
		};
/* End PBXFrameworksBuildPhase section */

/* Begin PBXGroup section */
		447B59D6248C7D19003C822F = {
			isa = PBXGroup;
			children = (
				447B59E1248C7D19003C822F /* Flix-CodePath-2020 */,
				447B59F8248C7D1B003C822F /* Flix-CodePath-2020Tests */,
				447B5A03248C7D1B003C822F /* Flix-CodePath-2020UITests */,
				447B59E0248C7D19003C822F /* Products */,
			);
			sourceTree = "<group>";
		};
		447B59E0248C7D19003C822F /* Products */ = {
			isa = PBXGroup;
			children = (
				447B59DF248C7D19003C822F /* Flix-CodePath-2020.app */,
				447B59F5248C7D1B003C822F /* Flix-CodePath-2020Tests.xctest */,
				447B5A00248C7D1B003C822F /* Flix-CodePath-2020UITests.xctest */,
			);
			name = Products;
			sourceTree = "<group>";
		};
		447B59E1248C7D19003C822F /* Flix-CodePath-2020 */ = {
			isa = PBXGroup;
			children = (
				447B59E2248C7D19003C822F /* AppDelegate.swift */,
				447B59E4248C7D19003C822F /* SceneDelegate.swift */,
				447B59E6248C7D19003C822F /* ViewController.swift */,
				447B59E8248C7D19003C822F /* Main.storyboard */,
				447B59EB248C7D1B003C822F /* Assets.xcassets */,
				447B59ED248C7D1B003C822F /* LaunchScreen.storyboard */,
				447B59F0248C7D1B003C822F /* Info.plist */,
			);
			path = "Flix-CodePath-2020";
			sourceTree = "<group>";
		};
		447B59F8248C7D1B003C822F /* Flix-CodePath-2020Tests */ = {
			isa = PBXGroup;
			children = (
				447B59F9248C7D1B003C822F /* Flix_CodePath_2020Tests.swift */,
				447B59FB248C7D1B003C822F /* Info.plist */,
			);
			path = "Flix-CodePath-2020Tests";
			sourceTree = "<group>";
		};
		447B5A03248C7D1B003C822F /* Flix-CodePath-2020UITests */ = {
			isa = PBXGroup;
			children = (
				447B5A04248C7D1B003C822F /* Flix_CodePath_2020UITests.swift */,
				447B5A06248C7D1B003C822F /* Info.plist */,
			);
			path = "Flix-CodePath-2020UITests";
			sourceTree = "<group>";
		};
/* End PBXGroup section */

/* Begin PBXNativeTarget section */
		447B59DE248C7D19003C822F /* Flix-CodePath-2020 */ = {
			isa = PBXNativeTarget;
			buildConfigurationList = 447B5A09248C7D1B003C822F /* Build configuration list for PBXNativeTarget "Flix-CodePath-2020" */;
			buildPhases = (
				447B59DB248C7D19003C822F /* Sources */,
				447B59DC248C7D19003C822F /* Frameworks */,
				447B59DD248C7D19003C822F /* Resources */,
			);
			buildRules = (
			);
			dependencies = (
			);
			name = "Flix-CodePath-2020";
			productName = "Flix-CodePath-2020";
			productReference = 447B59DF248C7D19003C822F /* Flix-CodePath-2020.app */;
			productType = "com.apple.product-type.application";
		};
		447B59F4248C7D1B003C822F /* Flix-CodePath-2020Tests */ = {
			isa = PBXNativeTarget;
			buildConfigurationList = 447B5A0C248C7D1B003C822F /* Build configuration list for PBXNativeTarget "Flix-CodePath-2020Tests" */;
			buildPhases = (
				447B59F1248C7D1B003C822F /* Sources */,
				447B59F2248C7D1B003C822F /* Frameworks */,
				447B59F3248C7D1B003C822F /* Resources */,
			);
			buildRules = (
			);
			dependencies = (
				447B59F7248C7D1B003C822F /* PBXTargetDependency */,
			);
			name = "Flix-CodePath-2020Tests";
			productName = "Flix-CodePath-2020Tests";
			productReference = 447B59F5248C7D1B003C822F /* Flix-CodePath-2020Tests.xctest */;
			productType = "com.apple.product-type.bundle.unit-test";
		};
		447B59FF248C7D1B003C822F /* Flix-CodePath-2020UITests */ = {
			isa = PBXNativeTarget;
			buildConfigurationList = 447B5A0F248C7D1B003C822F /* Build configuration list for PBXNativeTarget "Flix-CodePath-2020UITests" */;
			buildPhases = (
				447B59FC248C7D1B003C822F /* Sources */,
				447B59FD248C7D1B003C822F /* Frameworks */,
				447B59FE248C7D1B003C822F /* Resources */,
			);
			buildRules = (
			);
			dependencies = (
				447B5A02248C7D1B003C822F /* PBXTargetDependency */,
			);
			name = "Flix-CodePath-2020UITests";
			productName = "Flix-CodePath-2020UITests";
			productReference = 447B5A00248C7D1B003C822F /* Flix-CodePath-2020UITests.xctest */;
			productType = "com.apple.product-type.bundle.ui-testing";
		};
/* End PBXNativeTarget section */

/* Begin PBXProject section */
		447B59D7248C7D19003C822F /* Project object */ = {
			isa = PBXProject;
			attributes = {
				LastSwiftUpdateCheck = 1150;
				LastUpgradeCheck = 1150;
				TargetAttributes = {
					447B59DE248C7D19003C822F = {
						CreatedOnToolsVersion = 11.5;
					};
					447B59F4248C7D1B003C822F = {
						CreatedOnToolsVersion = 11.5;
						TestTargetID = 447B59DE248C7D19003C822F;
					};
					447B59FF248C7D1B003C822F = {
						CreatedOnToolsVersion = 11.5;
						TestTargetID = 447B59DE248C7D19003C822F;
					};
				};
			};
			buildConfigurationList = 447B59DA248C7D19003C822F /* Build configuration list for PBXProject "Flix-CodePath-2020" */;
			compatibilityVersion = "Xcode 9.3";
			developmentRegion = en;
			hasScannedForEncodings = 0;
			knownRegions = (
				en,
				Base,
			);
			mainGroup = 447B59D6248C7D19003C822F;
			productRefGroup = 447B59E0248C7D19003C822F /* Products */;
			projectDirPath = "";
			projectRoot = "";
			targets = (
				447B59DE248C7D19003C822F /* Flix-CodePath-2020 */,
				447B59F4248C7D1B003C822F /* Flix-CodePath-2020Tests */,
				447B59FF248C7D1B003C822F /* Flix-CodePath-2020UITests */,
			);
		};
/* End PBXProject section */

/* Begin PBXResourcesBuildPhase section */
		447B59DD248C7D19003C822F /* Resources */ = {
			isa = PBXResourcesBuildPhase;
			buildActionMask = 2147483647;
			files = (
				447B59EF248C7D1B003C822F /* LaunchScreen.storyboard in Resources */,
				447B59EC248C7D1B003C822F /* Assets.xcassets in Resources */,
				447B59EA248C7D19003C822F /* Main.storyboard in Resources */,
			);
			runOnlyForDeploymentPostprocessing = 0;
		};
		447B59F3248C7D1B003C822F /* Resources */ = {
			isa = PBXResourcesBuildPhase;
			buildActionMask = 2147483647;
			files = (
			);
			runOnlyForDeploymentPostprocessing = 0;
		};
		447B59FE248C7D1B003C822F /* Resources */ = {
			isa = PBXResourcesBuildPhase;
			buildActionMask = 2147483647;
			files = (
			);
			runOnlyForDeploymentPostprocessing = 0;
		};
/* End PBXResourcesBuildPhase section */

/* Begin PBXSourcesBuildPhase section */
		447B59DB248C7D19003C822F /* Sources */ = {
			isa = PBXSourcesBuildPhase;
			buildActionMask = 2147483647;
			files = (
				447B59E7248C7D19003C822F /* ViewController.swift in Sources */,
				447B59E3248C7D19003C822F /* AppDelegate.swift in Sources */,
				447B59E5248C7D19003C822F /* SceneDelegate.swift in Sources */,
			);
			runOnlyForDeploymentPostprocessing = 0;
		};
		447B59F1248C7D1B003C822F /* Sources */ = {
			isa = PBXSourcesBuildPhase;
			buildActionMask = 2147483647;
			files = (
				447B59FA248C7D1B003C822F /* Flix_CodePath_2020Tests.swift in Sources */,
			);
			runOnlyForDeploymentPostprocessing = 0;
		};
		447B59FC248C7D1B003C822F /* Sources */ = {
			isa = PBXSourcesBuildPhase;
			buildActionMask = 2147483647;
			files = (
				447B5A05248C7D1B003C822F /* Flix_CodePath_2020UITests.swift in Sources */,
			);
			runOnlyForDeploymentPostprocessing = 0;
		};
/* End PBXSourcesBuildPhase section */

/* Begin PBXTargetDependency section */
		447B59F7248C7D1B003C822F /* PBXTargetDependency */ = {
			isa = PBXTargetDependency;
			target = 447B59DE248C7D19003C822F /* Flix-CodePath-2020 */;
			targetProxy = 447B59F6248C7D1B003C822F /* PBXContainerItemProxy */;
		};
		447B5A02248C7D1B003C822F /* PBXTargetDependency */ = {
			isa = PBXTargetDependency;
			target = 447B59DE248C7D19003C822F /* Flix-CodePath-2020 */;
			targetProxy = 447B5A01248C7D1B003C822F /* PBXContainerItemProxy */;
		};
/* End PBXTargetDependency section */

/* Begin PBXVariantGroup section */
		447B59E8248C7D19003C822F /* Main.storyboard */ = {
			isa = PBXVariantGroup;
			children = (
				447B59E9248C7D19003C822F /* Base */,
			);
			name = Main.storyboard;
			sourceTree = "<group>";
		};
		447B59ED248C7D1B003C822F /* LaunchScreen.storyboard */ = {
			isa = PBXVariantGroup;
			children = (
				447B59EE248C7D1B003C822F /* Base */,
			);
			name = LaunchScreen.storyboard;
			sourceTree = "<group>";
		};
/* End PBXVariantGroup section */

/* Begin XCBuildConfiguration section */
		447B5A07248C7D1B003C822F /* Debug */ = {
			isa = XCBuildConfiguration;
			buildSettings = {
				ALWAYS_SEARCH_USER_PATHS = NO;
				CLANG_ANALYZER_NONNULL = YES;
				CLANG_ANALYZER_NUMBER_OBJECT_CONVERSION = YES_AGGRESSIVE;
				CLANG_CXX_LANGUAGE_STANDARD = "gnu++14";
				CLANG_CXX_LIBRARY = "libc++";
				CLANG_ENABLE_MODULES = YES;
				CLANG_ENABLE_OBJC_ARC = YES;
				CLANG_ENABLE_OBJC_WEAK = YES;
				CLANG_WARN_BLOCK_CAPTURE_AUTORELEASING = YES;
				CLANG_WARN_BOOL_CONVERSION = YES;
				CLANG_WARN_COMMA = YES;
				CLANG_WARN_CONSTANT_CONVERSION = YES;
				CLANG_WARN_DEPRECATED_OBJC_IMPLEMENTATIONS = YES;
				CLANG_WARN_DIRECT_OBJC_ISA_USAGE = YES_ERROR;
				CLANG_WARN_DOCUMENTATION_COMMENTS = YES;
				CLANG_WARN_EMPTY_BODY = YES;
				CLANG_WARN_ENUM_CONVERSION = YES;
				CLANG_WARN_INFINITE_RECURSION = YES;
				CLANG_WARN_INT_CONVERSION = YES;
				CLANG_WARN_NON_LITERAL_NULL_CONVERSION = YES;
				CLANG_WARN_OBJC_IMPLICIT_RETAIN_SELF = YES;
				CLANG_WARN_OBJC_LITERAL_CONVERSION = YES;
				CLANG_WARN_OBJC_ROOT_CLASS = YES_ERROR;
				CLANG_WARN_RANGE_LOOP_ANALYSIS = YES;
				CLANG_WARN_STRICT_PROTOTYPES = YES;
				CLANG_WARN_SUSPICIOUS_MOVE = YES;
				CLANG_WARN_UNGUARDED_AVAILABILITY = YES_AGGRESSIVE;
				CLANG_WARN_UNREACHABLE_CODE = YES;
				CLANG_WARN__DUPLICATE_METHOD_MATCH = YES;
				COPY_PHASE_STRIP = NO;
				DEBUG_INFORMATION_FORMAT = dwarf;
				ENABLE_STRICT_OBJC_MSGSEND = YES;
				ENABLE_TESTABILITY = YES;
				GCC_C_LANGUAGE_STANDARD = gnu11;
				GCC_DYNAMIC_NO_PIC = NO;
				GCC_NO_COMMON_BLOCKS = YES;
				GCC_OPTIMIZATION_LEVEL = 0;
				GCC_PREPROCESSOR_DEFINITIONS = (
					"DEBUG=1",
					"$(inherited)",
				);
				GCC_WARN_64_TO_32_BIT_CONVERSION = YES;
				GCC_WARN_ABOUT_RETURN_TYPE = YES_ERROR;
				GCC_WARN_UNDECLARED_SELECTOR = YES;
				GCC_WARN_UNINITIALIZED_AUTOS = YES_AGGRESSIVE;
				GCC_WARN_UNUSED_FUNCTION = YES;
				GCC_WARN_UNUSED_VARIABLE = YES;
				IPHONEOS_DEPLOYMENT_TARGET = 13.5;
				MTL_ENABLE_DEBUG_INFO = INCLUDE_SOURCE;
				MTL_FAST_MATH = YES;
				ONLY_ACTIVE_ARCH = YES;
				SDKROOT = iphoneos;
				SWIFT_ACTIVE_COMPILATION_CONDITIONS = DEBUG;
				SWIFT_OPTIMIZATION_LEVEL = "-Onone";
			};
			name = Debug;
		};
		447B5A08248C7D1B003C822F /* Release */ = {
			isa = XCBuildConfiguration;
			buildSettings = {
				ALWAYS_SEARCH_USER_PATHS = NO;
				CLANG_ANALYZER_NONNULL = YES;
				CLANG_ANALYZER_NUMBER_OBJECT_CONVERSION = YES_AGGRESSIVE;
				CLANG_CXX_LANGUAGE_STANDARD = "gnu++14";
				CLANG_CXX_LIBRARY = "libc++";
				CLANG_ENABLE_MODULES = YES;
				CLANG_ENABLE_OBJC_ARC = YES;
				CLANG_ENABLE_OBJC_WEAK = YES;
				CLANG_WARN_BLOCK_CAPTURE_AUTORELEASING = YES;
				CLANG_WARN_BOOL_CONVERSION = YES;
				CLANG_WARN_COMMA = YES;
				CLANG_WARN_CONSTANT_CONVERSION = YES;
				CLANG_WARN_DEPRECATED_OBJC_IMPLEMENTATIONS = YES;
				CLANG_WARN_DIRECT_OBJC_ISA_USAGE = YES_ERROR;
				CLANG_WARN_DOCUMENTATION_COMMENTS = YES;
				CLANG_WARN_EMPTY_BODY = YES;
				CLANG_WARN_ENUM_CONVERSION = YES;
				CLANG_WARN_INFINITE_RECURSION = YES;
				CLANG_WARN_INT_CONVERSION = YES;
				CLANG_WARN_NON_LITERAL_NULL_CONVERSION = YES;
				CLANG_WARN_OBJC_IMPLICIT_RETAIN_SELF = YES;
				CLANG_WARN_OBJC_LITERAL_CONVERSION = YES;
				CLANG_WARN_OBJC_ROOT_CLASS = YES_ERROR;
				CLANG_WARN_RANGE_LOOP_ANALYSIS = YES;
				CLANG_WARN_STRICT_PROTOTYPES = YES;
				CLANG_WARN_SUSPICIOUS_MOVE = YES;
				CLANG_WARN_UNGUARDED_AVAILABILITY = YES_AGGRESSIVE;
				CLANG_WARN_UNREACHABLE_CODE = YES;
				CLANG_WARN__DUPLICATE_METHOD_MATCH = YES;
				COPY_PHASE_STRIP = NO;
				DEBUG_INFORMATION_FORMAT = "dwarf-with-dsym";
				ENABLE_NS_ASSERTIONS = NO;
				ENABLE_STRICT_OBJC_MSGSEND = YES;
				GCC_C_LANGUAGE_STANDARD = gnu11;
				GCC_NO_COMMON_BLOCKS = YES;
				GCC_WARN_64_TO_32_BIT_CONVERSION = YES;
				GCC_WARN_ABOUT_RETURN_TYPE = YES_ERROR;
				GCC_WARN_UNDECLARED_SELECTOR = YES;
				GCC_WARN_UNINITIALIZED_AUTOS = YES_AGGRESSIVE;
				GCC_WARN_UNUSED_FUNCTION = YES;
				GCC_WARN_UNUSED_VARIABLE = YES;
				IPHONEOS_DEPLOYMENT_TARGET = 13.5;
				MTL_ENABLE_DEBUG_INFO = NO;
				MTL_FAST_MATH = YES;
				SDKROOT = iphoneos;
				SWIFT_COMPILATION_MODE = wholemodule;
				SWIFT_OPTIMIZATION_LEVEL = "-O";
				VALIDATE_PRODUCT = YES;
			};
			name = Release;
		};
		447B5A0A248C7D1B003C822F /* Debug */ = {
			isa = XCBuildConfiguration;
			buildSettings = {
				ASSETCATALOG_COMPILER_APPICON_NAME = AppIcon;
				CODE_SIGN_STYLE = Automatic;
				DEVELOPMENT_TEAM = B4ZUZW92WJ;
				INFOPLIST_FILE = "Flix-CodePath-2020/Info.plist";
				LD_RUNPATH_SEARCH_PATHS = (
					"$(inherited)",
					"@executable_path/Frameworks",
				);
				PRODUCT_BUNDLE_IDENTIFIER = "com.AlanCao.Flix-CodePath-2020";
				PRODUCT_NAME = "$(TARGET_NAME)";
				SWIFT_VERSION = 5.0;
				TARGETED_DEVICE_FAMILY = "1,2";
			};
			name = Debug;
		};
		447B5A0B248C7D1B003C822F /* Release */ = {
			isa = XCBuildConfiguration;
			buildSettings = {
				ASSETCATALOG_COMPILER_APPICON_NAME = AppIcon;
				CODE_SIGN_STYLE = Automatic;
				DEVELOPMENT_TEAM = B4ZUZW92WJ;
				INFOPLIST_FILE = "Flix-CodePath-2020/Info.plist";
				LD_RUNPATH_SEARCH_PATHS = (
					"$(inherited)",
					"@executable_path/Frameworks",
				);
				PRODUCT_BUNDLE_IDENTIFIER = "com.AlanCao.Flix-CodePath-2020";
				PRODUCT_NAME = "$(TARGET_NAME)";
				SWIFT_VERSION = 5.0;
				TARGETED_DEVICE_FAMILY = "1,2";
			};
			name = Release;
		};
		447B5A0D248C7D1B003C822F /* Debug */ = {
			isa = XCBuildConfiguration;
			buildSettings = {
				ALWAYS_EMBED_SWIFT_STANDARD_LIBRARIES = YES;
				BUNDLE_LOADER = "$(TEST_HOST)";
				CODE_SIGN_STYLE = Automatic;
				DEVELOPMENT_TEAM = B4ZUZW92WJ;
				INFOPLIST_FILE = "Flix-CodePath-2020Tests/Info.plist";
				IPHONEOS_DEPLOYMENT_TARGET = 13.5;
				LD_RUNPATH_SEARCH_PATHS = (
					"$(inherited)",
					"@executable_path/Frameworks",
					"@loader_path/Frameworks",
				);
				PRODUCT_BUNDLE_IDENTIFIER = "com.AlanCao.Flix-CodePath-2020Tests";
				PRODUCT_NAME = "$(TARGET_NAME)";
				SWIFT_VERSION = 5.0;
				TARGETED_DEVICE_FAMILY = "1,2";
				TEST_HOST = "$(BUILT_PRODUCTS_DIR)/Flix-CodePath-2020.app/Flix-CodePath-2020";
			};
			name = Debug;
		};
		447B5A0E248C7D1B003C822F /* Release */ = {
			isa = XCBuildConfiguration;
			buildSettings = {
				ALWAYS_EMBED_SWIFT_STANDARD_LIBRARIES = YES;
				BUNDLE_LOADER = "$(TEST_HOST)";
				CODE_SIGN_STYLE = Automatic;
				DEVELOPMENT_TEAM = B4ZUZW92WJ;
				INFOPLIST_FILE = "Flix-CodePath-2020Tests/Info.plist";
				IPHONEOS_DEPLOYMENT_TARGET = 13.5;
				LD_RUNPATH_SEARCH_PATHS = (
					"$(inherited)",
					"@executable_path/Frameworks",
					"@loader_path/Frameworks",
				);
				PRODUCT_BUNDLE_IDENTIFIER = "com.AlanCao.Flix-CodePath-2020Tests";
				PRODUCT_NAME = "$(TARGET_NAME)";
				SWIFT_VERSION = 5.0;
				TARGETED_DEVICE_FAMILY = "1,2";
				TEST_HOST = "$(BUILT_PRODUCTS_DIR)/Flix-CodePath-2020.app/Flix-CodePath-2020";
			};
			name = Release;
		};
		447B5A10248C7D1B003C822F /* Debug */ = {
			isa = XCBuildConfiguration;
			buildSettings = {
				ALWAYS_EMBED_SWIFT_STANDARD_LIBRARIES = YES;
				CODE_SIGN_STYLE = Automatic;
				DEVELOPMENT_TEAM = B4ZUZW92WJ;
				INFOPLIST_FILE = "Flix-CodePath-2020UITests/Info.plist";
				LD_RUNPATH_SEARCH_PATHS = (
					"$(inherited)",
					"@executable_path/Frameworks",
					"@loader_path/Frameworks",
				);
				PRODUCT_BUNDLE_IDENTIFIER = "com.AlanCao.Flix-CodePath-2020UITests";
				PRODUCT_NAME = "$(TARGET_NAME)";
				SWIFT_VERSION = 5.0;
				TARGETED_DEVICE_FAMILY = "1,2";
				TEST_TARGET_NAME = "Flix-CodePath-2020";
			};
			name = Debug;
		};
		447B5A11248C7D1B003C822F /* Release */ = {
			isa = XCBuildConfiguration;
			buildSettings = {
				ALWAYS_EMBED_SWIFT_STANDARD_LIBRARIES = YES;
				CODE_SIGN_STYLE = Automatic;
				DEVELOPMENT_TEAM = B4ZUZW92WJ;
				INFOPLIST_FILE = "Flix-CodePath-2020UITests/Info.plist";
				LD_RUNPATH_SEARCH_PATHS = (
					"$(inherited)",
					"@executable_path/Frameworks",
					"@loader_path/Frameworks",
				);
				PRODUCT_BUNDLE_IDENTIFIER = "com.AlanCao.Flix-CodePath-2020UITests";
				PRODUCT_NAME = "$(TARGET_NAME)";
				SWIFT_VERSION = 5.0;
				TARGETED_DEVICE_FAMILY = "1,2";
				TEST_TARGET_NAME = "Flix-CodePath-2020";
			};
			name = Release;
		};
/* End XCBuildConfiguration section */

/* Begin XCConfigurationList section */
		447B59DA248C7D19003C822F /* Build configuration list for PBXProject "Flix-CodePath-2020" */ = {
			isa = XCConfigurationList;
			buildConfigurations = (
				447B5A07248C7D1B003C822F /* Debug */,
				447B5A08248C7D1B003C822F /* Release */,
			);
			defaultConfigurationIsVisible = 0;
			defaultConfigurationName = Release;
		};
		447B5A09248C7D1B003C822F /* Build configuration list for PBXNativeTarget "Flix-CodePath-2020" */ = {
			isa = XCConfigurationList;
			buildConfigurations = (
				447B5A0A248C7D1B003C822F /* Debug */,
				447B5A0B248C7D1B003C822F /* Release */,
			);
			defaultConfigurationIsVisible = 0;
			defaultConfigurationName = Release;
		};
		447B5A0C248C7D1B003C822F /* Build configuration list for PBXNativeTarget "Flix-CodePath-2020Tests" */ = {
			isa = XCConfigurationList;
			buildConfigurations = (
				447B5A0D248C7D1B003C822F /* Debug */,
				447B5A0E248C7D1B003C822F /* Release */,
			);
			defaultConfigurationIsVisible = 0;
			defaultConfigurationName = Release;
		};
		447B5A0F248C7D1B003C822F /* Build configuration list for PBXNativeTarget "Flix-CodePath-2020UITests" */ = {
			isa = XCConfigurationList;
			buildConfigurations = (
				447B5A10248C7D1B003C822F /* Debug */,
				447B5A11248C7D1B003C822F /* Release */,
			);
			defaultConfigurationIsVisible = 0;
			defaultConfigurationName = Release;
		};
/* End XCConfigurationList section */
	};
	rootObject = 447B59D7248C7D19003C822F /* Project object */;
}
